PODS:
  - FMDB (2.6.2):
    - FMDB/standard (= 2.6.2)
  - FMDB/standard (2.6.2)
  - OcticonsIOS (0.0.2)

DEPENDENCIES:
  - FMDB
  - OcticonsIOS (from `https://github.com/jacksonh/OcticonsIOS.git`, commit `4bd3b21`)

EXTERNAL SOURCES:
  OcticonsIOS:
    :commit: 4bd3b21
    :git: https://github.com/jacksonh/OcticonsIOS.git

CHECKOUT OPTIONS:
  OcticonsIOS:
    :commit: 4bd3b21
    :git: https://github.com/jacksonh/OcticonsIOS.git

SPEC CHECKSUMS:
  FMDB: 854a0341b4726e53276f2a8996f06f1b80f9259a
  OcticonsIOS: e21204b48b0d83f7740008abed42f8b1573b3ffc

PODFILE CHECKSUM: 9e92c666788b6d7cca45f0ba95fe1a99129e472f

COCOAPODS: 1.1.1
